
Microsoft Visual Studio Solution File, Format Version 12.00
# Visual Studio Version 16
VisualStudioVersion = 16.0.32228.343
MinimumVisualStudioVersion = 10.0.40219.1
Project("{F184B08F-C81C-45F6-A57F-5ABD9991F28F}") = "PingDVD", "PingDVD\PingDVD.vbproj", "{B08867F0-DCE5-4E21-A924-8135DEC19A35}"
EndProject
Global
	GlobalSection(SolutionConfigurationPlatforms) = preSolution
		Debug|Any CPU = Debug|Any CPU
		Release|Any CPU = Release|Any CPU
	EndGlobalSection
	GlobalSection(ProjectConfigurationPlatforms) = postSolution
		{B08867F0-DCE5-4E21-A924-8135DEC19A35}.Debug|Any CPU.ActiveCfg = Debug|Any CPU
		{B08867F0-DCE5-4E21-A924-8135DEC19A35}.Debug|Any CPU.Build.0 = Debug|Any CPU
		{B08867F0-DCE5-4E21-A924-8135DEC19A35}.Release|Any CPU.ActiveCfg = Release|Any CPU
		{B08867F0-DCE5-4E21-A924-8135DEC19A35}.Release|Any CPU.Build.0 = Release|Any CPU
	EndGlobalSection
	GlobalSection(SolutionProperties) = preSolution
		HideSolutionNode = FALSE
	EndGlobalSection
	GlobalSection(ExtensibilityGlobals) = postSolution
		SolutionGuid = {C241DB85-45BD-4997-9E6B-4760ECB0AB8E}
	EndGlobalSection
EndGlobal
